
Microsoft Visual Studio Solution File, Format Version 12.00
# Visual Studio 15
VisualStudioVersion = 15.0.28010.2026
MinimumVisualStudioVersion = 10.0.40219.1
Project("{FAE04EC0-301F-11D3-BF4B-00C04F79EFBC}") = "SocketDemo", "SocketDemo\SocketDemo.csproj", "{0FBF3B73-030F-4209-9652-42EF6A1810CC}"
EndProject
Project("{FAE04EC0-301F-11D3-BF4B-00C04F79EFBC}") = "SocketServer", "..\SocketServer\SocketServer\SocketServer.csproj", "{048D0213-C8F6-4094-9273-6E838386CBD4}"
EndProject
Project("{FAE04EC0-301F-11D3-BF4B-00C04F79EFBC}") = "Mall", "Mall\Mall.csproj", "{ED2A51A4-7D57-46EE-9279-C299D08442F1}"
EndProject
Global
	GlobalSection(SolutionConfigurationPlatforms) = preSolution
		Debug|Any CPU = Debug|Any CPU
		Release|Any CPU = Release|Any CPU
	EndGlobalSection
	GlobalSection(ProjectConfigurationPlatforms) = postSolution
		{0FBF3B73-030F-4209-9652-42EF6A1810CC}.Debug|Any CPU.ActiveCfg = Debug|Any CPU
		{0FBF3B73-030F-4209-9652-42EF6A1810CC}.Debug|Any CPU.Build.0 = Debug|Any CPU
		{0FBF3B73-030F-4209-9652-42EF6A1810CC}.Release|Any CPU.ActiveCfg = Release|Any CPU
		{0FBF3B73-030F-4209-9652-42EF6A1810CC}.Release|Any CPU.Build.0 = Release|Any CPU
		{048D0213-C8F6-4094-9273-6E838386CBD4}.Debug|Any CPU.ActiveCfg = Debug|Any CPU
		{048D0213-C8F6-4094-9273-6E838386CBD4}.Debug|Any CPU.Build.0 = Debug|Any CPU
		{048D0213-C8F6-4094-9273-6E838386CBD4}.Release|Any CPU.ActiveCfg = Release|Any CPU
		{048D0213-C8F6-4094-9273-6E838386CBD4}.Release|Any CPU.Build.0 = Release|Any CPU
		{ED2A51A4-7D57-46EE-9279-C299D08442F1}.Debug|Any CPU.ActiveCfg = Debug|Any CPU
		{ED2A51A4-7D57-46EE-9279-C299D08442F1}.Debug|Any CPU.Build.0 = Debug|Any CPU
		{ED2A51A4-7D57-46EE-9279-C299D08442F1}.Release|Any CPU.ActiveCfg = Release|Any CPU
		{ED2A51A4-7D57-46EE-9279-C299D08442F1}.Release|Any CPU.Build.0 = Release|Any CPU
	EndGlobalSection
	GlobalSection(SolutionProperties) = preSolution
		HideSolutionNode = FALSE
	EndGlobalSection
	GlobalSection(ExtensibilityGlobals) = postSolution
		SolutionGuid = {6647F171-016F-4D34-A71C-0C78EE337C14}
	EndGlobalSection
EndGlobal
